
Microsoft Visual Studio Solution File, Format Version 12.00
# Visual Studio 14
VisualStudioVersion = 14.0.25123.0
MinimumVisualStudioVersion = 10.0.40219.1
Project("{FAE04EC0-301F-11D3-BF4B-00C04F79EFBC}") = "minrepro", "minrepro\minrepro.csproj", "{83303978-4B1F-4153-B5A6-E1ABADC18EF3}"
EndProject
Project("{FAE04EC0-301F-11D3-BF4B-00C04F79EFBC}") = "src", "src\src.csproj", "{9B1170B1-00ED-4719-89F0-6F3C6D78729D}"
EndProject
Global
	GlobalSection(SolutionConfigurationPlatforms) = preSolution
		Debug|Any CPU = Debug|Any CPU
		Release|Any CPU = Release|Any CPU
	EndGlobalSection
	GlobalSection(ProjectConfigurationPlatforms) = postSolution
		{83303978-4B1F-4153-B5A6-E1ABADC18EF3}.Debug|Any CPU.ActiveCfg = Debug|Any CPU
		{83303978-4B1F-4153-B5A6-E1ABADC18EF3}.Debug|Any CPU.Build.0 = Debug|Any CPU
		{83303978-4B1F-4153-B5A6-E1ABADC18EF3}.Release|Any CPU.ActiveCfg = Release|Any CPU
		{83303978-4B1F-4153-B5A6-E1ABADC18EF3}.Release|Any CPU.Build.0 = Release|Any CPU
		{9B1170B1-00ED-4719-89F0-6F3C6D78729D}.Debug|Any CPU.ActiveCfg = Debug|Any CPU
		{9B1170B1-00ED-4719-89F0-6F3C6D78729D}.Debug|Any CPU.Build.0 = Debug|Any CPU
		{9B1170B1-00ED-4719-89F0-6F3C6D78729D}.Release|Any CPU.ActiveCfg = Release|Any CPU
		{9B1170B1-00ED-4719-89F0-6F3C6D78729D}.Release|Any CPU.Build.0 = Release|Any CPU
	EndGlobalSection
	GlobalSection(SolutionProperties) = preSolution
		HideSolutionNode = FALSE
	EndGlobalSection
EndGlobal
